
Microsoft Visual Studio Solution File, Format Version 12.00
# Visual Studio Version 16
VisualStudioVersion = 16.0.31112.23
MinimumVisualStudioVersion = 10.0.40219.1
Project("{9A19103F-16F7-4668-BE54-9A1E7A4F7556}") = "JobSpotAplication", "JobSpotAplication\JobSpotAplication.csproj", "{69BB4BC7-D899-451A-B8DC-1B8D0D5AE17F}"
EndProject
Project("{FAE04EC0-301F-11D3-BF4B-00C04F79EFBC}") = "WebScraperApplication", "WebScraperApplication\WebScraperApplication.csproj", "{9DDA0584-5B82-46D6-9F57-F35DA07EA6AD}"
EndProject
Global
	GlobalSection(SolutionConfigurationPlatforms) = preSolution
		Debug|Any CPU = Debug|Any CPU
		Release|Any CPU = Release|Any CPU
	EndGlobalSection
	GlobalSection(ProjectConfigurationPlatforms) = postSolution
		{69BB4BC7-D899-451A-B8DC-1B8D0D5AE17F}.Debug|Any CPU.ActiveCfg = Debug|Any CPU
		{69BB4BC7-D899-451A-B8DC-1B8D0D5AE17F}.Debug|Any CPU.Build.0 = Debug|Any CPU
		{69BB4BC7-D899-451A-B8DC-1B8D0D5AE17F}.Release|Any CPU.ActiveCfg = Release|Any CPU
		{69BB4BC7-D899-451A-B8DC-1B8D0D5AE17F}.Release|Any CPU.Build.0 = Release|Any CPU
		{9DDA0584-5B82-46D6-9F57-F35DA07EA6AD}.Debug|Any CPU.ActiveCfg = Debug|Any CPU
		{9DDA0584-5B82-46D6-9F57-F35DA07EA6AD}.Debug|Any CPU.Build.0 = Debug|Any CPU
		{9DDA0584-5B82-46D6-9F57-F35DA07EA6AD}.Release|Any CPU.ActiveCfg = Release|Any CPU
		{9DDA0584-5B82-46D6-9F57-F35DA07EA6AD}.Release|Any CPU.Build.0 = Release|Any CPU
	EndGlobalSection
	GlobalSection(SolutionProperties) = preSolution
		HideSolutionNode = FALSE
	EndGlobalSection
	GlobalSection(ExtensibilityGlobals) = postSolution
		SolutionGuid = {77EC7E76-8276-4B1F-9B6D-694439266F53}
	EndGlobalSection
EndGlobal
